
Microsoft Visual Studio Solution File, Format Version 12.00
# Visual Studio Version 16
VisualStudioVersion = 16.0.30002.166
MinimumVisualStudioVersion = 10.0.40219.1
Project("{FAE04EC0-301F-11D3-BF4B-00C04F79EFBC}") = "ChristiesPieShop", "ChristiesPieShop\ChristiesPieShop.csproj", "{5D8A4C4E-F358-490C-B38A-1289700A5B2C}"
EndProject
Global
	GlobalSection(SolutionConfigurationPlatforms) = preSolution
		Debug|Any CPU = Debug|Any CPU
		Release|Any CPU = Release|Any CPU
	EndGlobalSection
	GlobalSection(ProjectConfigurationPlatforms) = postSolution
		{5D8A4C4E-F358-490C-B38A-1289700A5B2C}.Debug|Any CPU.ActiveCfg = Debug|Any CPU
		{5D8A4C4E-F358-490C-B38A-1289700A5B2C}.Debug|Any CPU.Build.0 = Debug|Any CPU
		{5D8A4C4E-F358-490C-B38A-1289700A5B2C}.Release|Any CPU.ActiveCfg = Release|Any CPU
		{5D8A4C4E-F358-490C-B38A-1289700A5B2C}.Release|Any CPU.Build.0 = Release|Any CPU
	EndGlobalSection
	GlobalSection(SolutionProperties) = preSolution
		HideSolutionNode = FALSE
	EndGlobalSection
	GlobalSection(ExtensibilityGlobals) = postSolution
		SolutionGuid = {82946F89-8D52-4C60-A8A7-45CFB7792F64}
	EndGlobalSection
EndGlobal
